
Microsoft Visual Studio Solution File, Format Version 12.00
# Visual Studio 15
VisualStudioVersion = 15.0.28307.1022
MinimumVisualStudioVersion = 10.0.40219.1
Project("{FAE04EC0-301F-11D3-BF4B-00C04F79EFBC}") = "A2ZSuntours", "A2ZSuntours\A2ZSuntours.csproj", "{65345007-8A44-43CB-8646-1F38B7D65287}"
EndProject
Global
	GlobalSection(SolutionConfigurationPlatforms) = preSolution
		Debug|Any CPU = Debug|Any CPU
		Release|Any CPU = Release|Any CPU
	EndGlobalSection
	GlobalSection(ProjectConfigurationPlatforms) = postSolution
		{65345007-8A44-43CB-8646-1F38B7D65287}.Debug|Any CPU.ActiveCfg = Debug|Any CPU
		{65345007-8A44-43CB-8646-1F38B7D65287}.Debug|Any CPU.Build.0 = Debug|Any CPU
		{65345007-8A44-43CB-8646-1F38B7D65287}.Release|Any CPU.ActiveCfg = Release|Any CPU
		{65345007-8A44-43CB-8646-1F38B7D65287}.Release|Any CPU.Build.0 = Release|Any CPU
	EndGlobalSection
	GlobalSection(SolutionProperties) = preSolution
		HideSolutionNode = FALSE
	EndGlobalSection
	GlobalSection(ExtensibilityGlobals) = postSolution
		SolutionGuid = {F2788D18-8E35-4ACF-9EE0-AF9C197D5400}
	EndGlobalSection
EndGlobal
